
Microsoft Visual Studio Solution File, Format Version 12.00
# Visual Studio Version 17
VisualStudioVersion = 17.3.32825.248
MinimumVisualStudioVersion = 10.0.40219.1
Project("{9A19103F-16F7-4668-BE54-9A1E7A4F7556}") = "Advent of Code", "Advent of Code\Advent of Code.csproj", "{CDA9EFFC-534E-431F-A0D5-BA57B248C7BF}"
EndProject
Project("{2150E333-8FDC-42A3-9474-1A3956D46DE8}") = "Solution Items", "Solution Items", "{61AC6324-7DBB-4F0E-BAA3-DEE774D7ABE9}"
	ProjectSection(SolutionItems) = preProject
		.editorconfig = .editorconfig
	EndProjectSection
EndProject
Global
	GlobalSection(SolutionConfigurationPlatforms) = preSolution
		Debug|Any CPU = Debug|Any CPU
		Release|Any CPU = Release|Any CPU
	EndGlobalSection
	GlobalSection(ProjectConfigurationPlatforms) = postSolution
		{CDA9EFFC-534E-431F-A0D5-BA57B248C7BF}.Debug|Any CPU.ActiveCfg = Debug|Any CPU
		{CDA9EFFC-534E-431F-A0D5-BA57B248C7BF}.Debug|Any CPU.Build.0 = Debug|Any CPU
		{CDA9EFFC-534E-431F-A0D5-BA57B248C7BF}.Release|Any CPU.ActiveCfg = Release|Any CPU
		{CDA9EFFC-534E-431F-A0D5-BA57B248C7BF}.Release|Any CPU.Build.0 = Release|Any CPU
	EndGlobalSection
	GlobalSection(SolutionProperties) = preSolution
		HideSolutionNode = FALSE
	EndGlobalSection
	GlobalSection(ExtensibilityGlobals) = postSolution
		SolutionGuid = {A09607D8-053A-48AC-83B7-A63D030F4FFA}
	EndGlobalSection
EndGlobal
